
Microsoft Visual Studio Solution File, Format Version 11.00
# Visual Studio 2010
Project("{FAE04EC0-301F-11D3-BF4B-00C04F79EFBC}") = "Assembly-CSharp", "Assembly-CSharp.csproj", "{C2603F3C-DEA2-38AB-88BE-F3E2A4F012EF}"
EndProject
Global
	GlobalSection(SolutionConfigurationPlatforms) = preSolution
		Debug|Any CPU = Debug|Any CPU
		Release|Any CPU = Release|Any CPU
	EndGlobalSection
	GlobalSection(ProjectConfigurationPlatforms) = postSolution
		{C2603F3C-DEA2-38AB-88BE-F3E2A4F012EF}.Debug|Any CPU.ActiveCfg = Debug|Any CPU
		{C2603F3C-DEA2-38AB-88BE-F3E2A4F012EF}.Debug|Any CPU.Build.0 = Debug|Any CPU
		{C2603F3C-DEA2-38AB-88BE-F3E2A4F012EF}.Release|Any CPU.ActiveCfg = Release|Any CPU
		{C2603F3C-DEA2-38AB-88BE-F3E2A4F012EF}.Release|Any CPU.Build.0 = Release|Any CPU
	EndGlobalSection
	GlobalSection(SolutionProperties) = preSolution
		HideSolutionNode = FALSE
	EndGlobalSection
EndGlobal
